
Microsoft Visual Studio Solution File, Format Version 12.00
# Visual Studio Version 17
VisualStudioVersion = 17.0.32126.317
MinimumVisualStudioVersion = 10.0.40219.1
Project("{FAE04EC0-301F-11D3-BF4B-00C04F79EFBC}") = "ConsoleApp1", "ConsoleApp1\ConsoleApp1.csproj", "{B5748714-CC47-46A5-B23F-9163804DDF7B}"
EndProject
Global
	GlobalSection(SolutionConfigurationPlatforms) = preSolution
		Debug|Any CPU = Debug|Any CPU
		Release|Any CPU = Release|Any CPU
	EndGlobalSection
	GlobalSection(ProjectConfigurationPlatforms) = postSolution
		{B5748714-CC47-46A5-B23F-9163804DDF7B}.Debug|Any CPU.ActiveCfg = Debug|Any CPU
		{B5748714-CC47-46A5-B23F-9163804DDF7B}.Debug|Any CPU.Build.0 = Debug|Any CPU
		{B5748714-CC47-46A5-B23F-9163804DDF7B}.Release|Any CPU.ActiveCfg = Release|Any CPU
		{B5748714-CC47-46A5-B23F-9163804DDF7B}.Release|Any CPU.Build.0 = Release|Any CPU
	EndGlobalSection
	GlobalSection(SolutionProperties) = preSolution
		HideSolutionNode = FALSE
	EndGlobalSection
	GlobalSection(ExtensibilityGlobals) = postSolution
		SolutionGuid = {6E6DCA6D-0809-4AF0-968B-84ABC04F6222}
	EndGlobalSection
EndGlobal
